
Microsoft Visual Studio Solution File, Format Version 12.00
# Visual Studio Version 17
VisualStudioVersion = 17.13.35806.99
MinimumVisualStudioVersion = 10.0.40219.1
Project("{FAE04EC0-301F-11D3-BF4B-00C04F79EFBC}") = "NegDelta", "NegDelta.csproj", "{68D82D92-9597-44E8-86B9-40F8FA9A4B8D}"
EndProject
Project("{FAE04EC0-301F-11D3-BF4B-00C04F79EFBC}") = "NegDelta.Core", "NegDelta.Core\NegDelta.Core.csproj", "{D9E5A402-7EB4-4F4D-A576-3F39E0678C75}"
EndProject
Project("{FAE04EC0-301F-11D3-BF4B-00C04F79EFBC}") = "NegDelta.Data", "NegDelta.Data\NegDelta.Data.csproj", "{DDFD3F77-B95C-4684-B56C-2B3525C5148B}"
EndProject
Project("{FAE04EC0-301F-11D3-BF4B-00C04F79EFBC}") = "NegDelta.Migrations", "NegDelta.Migrations\NegDelta.Migrations.csproj", "{818A040B-8A46-4689-A34A-7D90C94577EF}"
EndProject
Project("{FAE04EC0-301F-11D3-BF4B-00C04F79EFBC}") = "NegDelta.Tests", "NegDelta.Tests\NegDelta.Tests.csproj", "{0083AE79-8852-4621-9C9A-588D4390743C}"
EndProject
Project("{FAE04EC0-301F-11D3-BF4B-00C04F79EFBC}") = "NegDelta.Services", "NegDelta.Services\NegDelta.Services.csproj", "{048E5874-B164-4E65-9C9A-BC622CA89E5C}"
EndProject
Global
	GlobalSection(SolutionConfigurationPlatforms) = preSolution
		Debug|Any CPU = Debug|Any CPU
		Release|Any CPU = Release|Any CPU
	EndGlobalSection
	GlobalSection(ProjectConfigurationPlatforms) = postSolution
		{68D82D92-9597-44E8-86B9-40F8FA9A4B8D}.Debug|Any CPU.ActiveCfg = Debug|Any CPU
		{68D82D92-9597-44E8-86B9-40F8FA9A4B8D}.Debug|Any CPU.Build.0 = Debug|Any CPU
		{68D82D92-9597-44E8-86B9-40F8FA9A4B8D}.Debug|Any CPU.Deploy.0 = Debug|Any CPU
		{68D82D92-9597-44E8-86B9-40F8FA9A4B8D}.Release|Any CPU.ActiveCfg = Release|Any CPU
		{68D82D92-9597-44E8-86B9-40F8FA9A4B8D}.Release|Any CPU.Build.0 = Release|Any CPU
		{68D82D92-9597-44E8-86B9-40F8FA9A4B8D}.Release|Any CPU.Deploy.0 = Release|Any CPU
		{D9E5A402-7EB4-4F4D-A576-3F39E0678C75}.Debug|Any CPU.ActiveCfg = Debug|Any CPU
		{D9E5A402-7EB4-4F4D-A576-3F39E0678C75}.Debug|Any CPU.Build.0 = Debug|Any CPU
		{D9E5A402-7EB4-4F4D-A576-3F39E0678C75}.Release|Any CPU.ActiveCfg = Release|Any CPU
		{D9E5A402-7EB4-4F4D-A576-3F39E0678C75}.Release|Any CPU.Build.0 = Release|Any CPU
		{DDFD3F77-B95C-4684-B56C-2B3525C5148B}.Debug|Any CPU.ActiveCfg = Debug|Any CPU
		{DDFD3F77-B95C-4684-B56C-2B3525C5148B}.Debug|Any CPU.Build.0 = Debug|Any CPU
		{DDFD3F77-B95C-4684-B56C-2B3525C5148B}.Release|Any CPU.ActiveCfg = Release|Any CPU
		{DDFD3F77-B95C-4684-B56C-2B3525C5148B}.Release|Any CPU.Build.0 = Release|Any CPU
		{818A040B-8A46-4689-A34A-7D90C94577EF}.Debug|Any CPU.ActiveCfg = Debug|Any CPU
		{818A040B-8A46-4689-A34A-7D90C94577EF}.Debug|Any CPU.Build.0 = Debug|Any CPU
		{818A040B-8A46-4689-A34A-7D90C94577EF}.Release|Any CPU.ActiveCfg = Release|Any CPU
		{818A040B-8A46-4689-A34A-7D90C94577EF}.Release|Any CPU.Build.0 = Release|Any CPU
		{0083AE79-8852-4621-9C9A-588D4390743C}.Debug|Any CPU.ActiveCfg = Debug|Any CPU
		{0083AE79-8852-4621-9C9A-588D4390743C}.Debug|Any CPU.Build.0 = Debug|Any CPU
		{0083AE79-8852-4621-9C9A-588D4390743C}.Release|Any CPU.ActiveCfg = Release|Any CPU
		{0083AE79-8852-4621-9C9A-588D4390743C}.Release|Any CPU.Build.0 = Release|Any CPU
		{048E5874-B164-4E65-9C9A-BC622CA89E5C}.Debug|Any CPU.ActiveCfg = Debug|Any CPU
		{048E5874-B164-4E65-9C9A-BC622CA89E5C}.Debug|Any CPU.Build.0 = Debug|Any CPU
		{048E5874-B164-4E65-9C9A-BC622CA89E5C}.Release|Any CPU.ActiveCfg = Release|Any CPU
		{048E5874-B164-4E65-9C9A-BC622CA89E5C}.Release|Any CPU.Build.0 = Release|Any CPU
	EndGlobalSection
	GlobalSection(SolutionProperties) = preSolution
		HideSolutionNode = FALSE
	EndGlobalSection
	GlobalSection(ExtensibilityGlobals) = postSolution
		SolutionGuid = {F5E25E19-FCAE-424F-B927-45AF66274FCC}
	EndGlobalSection
EndGlobal
